# THIS IS AN AUTOGENERATED FILE. DO NOT EDIT THIS FILE DIRECTLY.
# yarn lockfile v1


bytenode@^1.3.6:
  version "1.3.6"
  resolved "http://nexus.permde.com/repository/npm-group/bytenode/-/bytenode-1.3.6.tgz#7195a78c5d98b8f50a640d10f9762e733213deea"
  integrity sha512-t/e1psHP/r9ipj136i9FUOznv/9el1DcY7mB8nBM1FPDqYTvQY73J8uVwRPciWdKZzZrS5yxEyzNEEnB835Fyg==
